
Microsoft Visual Studio Solution File, Format Version 12.00
# Visual Studio Version 17
VisualStudioVersion = 17.7.34221.43
MinimumVisualStudioVersion = 10.0.40219.1
Project("{FAE04EC0-301F-11D3-BF4B-00C04F79EFBC}") = "familyGameNight", "familyGameNight\familyGameNight.csproj", "{AC86256D-E97A-4E0A-9E3C-EE4A6DB8AA2D}"
EndProject
Global
	GlobalSection(SolutionConfigurationPlatforms) = preSolution
		Debug|Any CPU = Debug|Any CPU
		Release|Any CPU = Release|Any CPU
	EndGlobalSection
	GlobalSection(ProjectConfigurationPlatforms) = postSolution
		{AC86256D-E97A-4E0A-9E3C-EE4A6DB8AA2D}.Debug|Any CPU.ActiveCfg = Debug|Any CPU
		{AC86256D-E97A-4E0A-9E3C-EE4A6DB8AA2D}.Debug|Any CPU.Build.0 = Debug|Any CPU
		{AC86256D-E97A-4E0A-9E3C-EE4A6DB8AA2D}.Release|Any CPU.ActiveCfg = Release|Any CPU
		{AC86256D-E97A-4E0A-9E3C-EE4A6DB8AA2D}.Release|Any CPU.Build.0 = Release|Any CPU
	EndGlobalSection
	GlobalSection(SolutionProperties) = preSolution
		HideSolutionNode = FALSE
	EndGlobalSection
	GlobalSection(ExtensibilityGlobals) = postSolution
		SolutionGuid = {153F84EF-91FF-46AF-A5AA-BA1420CB52EA}
	EndGlobalSection
EndGlobal
