
Microsoft Visual Studio Solution File, Format Version 12.00
# Visual Studio Version 17
VisualStudioVersion = 17.7.34221.43
MinimumVisualStudioVersion = 10.0.40219.1
Project("{FAE04EC0-301F-11D3-BF4B-00C04F79EFBC}") = "shopInventory", "shopInventory\shopInventory.csproj", "{90BCAAAD-13B1-4404-9AE8-F22467044787}"
EndProject
Global
	GlobalSection(SolutionConfigurationPlatforms) = preSolution
		Debug|Any CPU = Debug|Any CPU
		Release|Any CPU = Release|Any CPU
	EndGlobalSection
	GlobalSection(ProjectConfigurationPlatforms) = postSolution
		{90BCAAAD-13B1-4404-9AE8-F22467044787}.Debug|Any CPU.ActiveCfg = Debug|Any CPU
		{90BCAAAD-13B1-4404-9AE8-F22467044787}.Debug|Any CPU.Build.0 = Debug|Any CPU
		{90BCAAAD-13B1-4404-9AE8-F22467044787}.Release|Any CPU.ActiveCfg = Release|Any CPU
		{90BCAAAD-13B1-4404-9AE8-F22467044787}.Release|Any CPU.Build.0 = Release|Any CPU
	EndGlobalSection
	GlobalSection(SolutionProperties) = preSolution
		HideSolutionNode = FALSE
	EndGlobalSection
	GlobalSection(ExtensibilityGlobals) = postSolution
		SolutionGuid = {632717D8-709F-4174-8C83-642EFBB9DA91}
	EndGlobalSection
EndGlobal
