
Microsoft Visual Studio Solution File, Format Version 12.00
# Visual Studio Version 17
VisualStudioVersion = 17.7.34221.43
MinimumVisualStudioVersion = 10.0.40219.1
Project("{FAE04EC0-301F-11D3-BF4B-00C04F79EFBC}") = "sendingNewsletters", "sendingNewsletters\sendingNewsletters.csproj", "{5302F5DE-5A67-40E9-9068-DB0C8E08029D}"
EndProject
Global
	GlobalSection(SolutionConfigurationPlatforms) = preSolution
		Debug|Any CPU = Debug|Any CPU
		Release|Any CPU = Release|Any CPU
	EndGlobalSection
	GlobalSection(ProjectConfigurationPlatforms) = postSolution
		{5302F5DE-5A67-40E9-9068-DB0C8E08029D}.Debug|Any CPU.ActiveCfg = Debug|Any CPU
		{5302F5DE-5A67-40E9-9068-DB0C8E08029D}.Debug|Any CPU.Build.0 = Debug|Any CPU
		{5302F5DE-5A67-40E9-9068-DB0C8E08029D}.Release|Any CPU.ActiveCfg = Release|Any CPU
		{5302F5DE-5A67-40E9-9068-DB0C8E08029D}.Release|Any CPU.Build.0 = Release|Any CPU
	EndGlobalSection
	GlobalSection(SolutionProperties) = preSolution
		HideSolutionNode = FALSE
	EndGlobalSection
	GlobalSection(ExtensibilityGlobals) = postSolution
		SolutionGuid = {728BF436-5346-4765-9BAC-5F6FCCC27390}
	EndGlobalSection
EndGlobal
